
Microsoft Visual Studio Solution File, Format Version 12.00
# Visual Studio 15
VisualStudioVersion = 15.0.27004.2010
MinimumVisualStudioVersion = 10.0.40219.1
Project("{FAE04EC0-301F-11D3-BF4B-00C04F79EFBC}") = "WrapRec", "RecommendationFramework2\WrapRec.csproj", "{149AE494-C1A9-491B-AC41-89AEB0A08B29}"
EndProject
Project("{FAE04EC0-301F-11D3-BF4B-00C04F79EFBC}") = "ConsoleApp2", "ConsoleApp2\ConsoleApp2.csproj", "{AB6FEDE8-C7E9-4777-A7FF-956502EB0BFD}"
EndProject
Global
	GlobalSection(SolutionConfigurationPlatforms) = preSolution
		Debug|Any CPU = Debug|Any CPU
		Release|Any CPU = Release|Any CPU
	EndGlobalSection
	GlobalSection(ProjectConfigurationPlatforms) = postSolution
		{149AE494-C1A9-491B-AC41-89AEB0A08B29}.Debug|Any CPU.ActiveCfg = Debug|Any CPU
		{149AE494-C1A9-491B-AC41-89AEB0A08B29}.Debug|Any CPU.Build.0 = Debug|Any CPU
		{149AE494-C1A9-491B-AC41-89AEB0A08B29}.Release|Any CPU.ActiveCfg = Release|Any CPU
		{149AE494-C1A9-491B-AC41-89AEB0A08B29}.Release|Any CPU.Build.0 = Release|Any CPU
		{AB6FEDE8-C7E9-4777-A7FF-956502EB0BFD}.Debug|Any CPU.ActiveCfg = Debug|Any CPU
		{AB6FEDE8-C7E9-4777-A7FF-956502EB0BFD}.Debug|Any CPU.Build.0 = Debug|Any CPU
		{AB6FEDE8-C7E9-4777-A7FF-956502EB0BFD}.Release|Any CPU.ActiveCfg = Release|Any CPU
		{AB6FEDE8-C7E9-4777-A7FF-956502EB0BFD}.Release|Any CPU.Build.0 = Release|Any CPU
	EndGlobalSection
	GlobalSection(SolutionProperties) = preSolution
		HideSolutionNode = FALSE
	EndGlobalSection
	GlobalSection(ExtensibilityGlobals) = postSolution
		SolutionGuid = {3541A506-2011-48F2-BDEF-F699329FE3A0}
	EndGlobalSection
EndGlobal
